
Microsoft Visual Studio Solution File, Format Version 12.00
# Visual Studio 14
VisualStudioVersion = 14.0.24720.0
MinimumVisualStudioVersion = 10.0.40219.1
Project("{FAE04EC0-301F-11D3-BF4B-00C04F79EFBC}") = "MangaReader.Droid", "MangaReader\MangaReader.Droid\MangaReader.Droid.csproj", "{A404F380-1AD5-4D36-BD8A-A9374D551A71}"
EndProject
Project("{FAE04EC0-301F-11D3-BF4B-00C04F79EFBC}") = "MangaReader.iOS", "MangaReader\MangaReader.iOS\MangaReader.iOS.csproj", "{C1089EB5-D79B-4053-8C63-117ADFFE15F4}"
EndProject
Project("{D954291E-2A0B-460D-934E-DC6B0785DB48}") = "MangaReader", "MangaReader\MangaReader\MangaReader.shproj", "{83D94A4F-8F54-47BA-BDA2-4A64470B8E43}"
EndProject
Project("{FAE04EC0-301F-11D3-BF4B-00C04F79EFBC}") = "MangaReader.Win", "ConsoleApplication1\MangaReader.Win.csproj", "{04CAB27A-80D5-40A0-933A-C2B5564F629A}"
EndProject
Global
	GlobalSection(SharedMSBuildProjectFiles) = preSolution
		MangaReader\MangaReader\MangaReader.projitems*{c1089eb5-d79b-4053-8c63-117adffe15f4}*SharedItemsImports = 4
		MangaReader\MangaReader\MangaReader.projitems*{a404f380-1ad5-4d36-bd8a-a9374d551a71}*SharedItemsImports = 4
		MangaReader\MangaReader\MangaReader.projitems*{04cab27a-80d5-40a0-933a-c2b5564f629a}*SharedItemsImports = 4
		MangaReader\MangaReader\MangaReader.projitems*{83d94a4f-8f54-47ba-bda2-4a64470b8e43}*SharedItemsImports = 13
	EndGlobalSection
	GlobalSection(SolutionConfigurationPlatforms) = preSolution
		AppStore|Any CPU = AppStore|Any CPU
		AppStore|ARM = AppStore|ARM
		AppStore|iPhone = AppStore|iPhone
		AppStore|iPhoneSimulator = AppStore|iPhoneSimulator
		AppStore|x86 = AppStore|x86
		Debug|Any CPU = Debug|Any CPU
		Debug|ARM = Debug|ARM
		Debug|iPhone = Debug|iPhone
		Debug|iPhoneSimulator = Debug|iPhoneSimulator
		Debug|x86 = Debug|x86
		Release|Any CPU = Release|Any CPU
		Release|ARM = Release|ARM
		Release|iPhone = Release|iPhone
		Release|iPhoneSimulator = Release|iPhoneSimulator
		Release|x86 = Release|x86
	EndGlobalSection
	GlobalSection(ProjectConfigurationPlatforms) = postSolution
		{A404F380-1AD5-4D36-BD8A-A9374D551A71}.AppStore|Any CPU.ActiveCfg = Release|Any CPU
		{A404F380-1AD5-4D36-BD8A-A9374D551A71}.AppStore|Any CPU.Build.0 = Release|Any CPU
		{A404F380-1AD5-4D36-BD8A-A9374D551A71}.AppStore|Any CPU.Deploy.0 = Release|Any CPU
		{A404F380-1AD5-4D36-BD8A-A9374D551A71}.AppStore|ARM.ActiveCfg = Debug|Any CPU
		{A404F380-1AD5-4D36-BD8A-A9374D551A71}.AppStore|ARM.Build.0 = Debug|Any CPU
		{A404F380-1AD5-4D36-BD8A-A9374D551A71}.AppStore|ARM.Deploy.0 = Debug|Any CPU
		{A404F380-1AD5-4D36-BD8A-A9374D551A71}.AppStore|iPhone.ActiveCfg = Release|Any CPU
		{A404F380-1AD5-4D36-BD8A-A9374D551A71}.AppStore|iPhone.Build.0 = Release|Any CPU
		{A404F380-1AD5-4D36-BD8A-A9374D551A71}.AppStore|iPhone.Deploy.0 = Release|Any CPU
		{A404F380-1AD5-4D36-BD8A-A9374D551A71}.AppStore|iPhoneSimulator.ActiveCfg = Release|Any CPU
		{A404F380-1AD5-4D36-BD8A-A9374D551A71}.AppStore|iPhoneSimulator.Build.0 = Release|Any CPU
		{A404F380-1AD5-4D36-BD8A-A9374D551A71}.AppStore|iPhoneSimulator.Deploy.0 = Release|Any CPU
		{A404F380-1AD5-4D36-BD8A-A9374D551A71}.AppStore|x86.ActiveCfg = Debug|Any CPU
		{A404F380-1AD5-4D36-BD8A-A9374D551A71}.AppStore|x86.Build.0 = Debug|Any CPU
		{A404F380-1AD5-4D36-BD8A-A9374D551A71}.AppStore|x86.Deploy.0 = Debug|Any CPU
		{A404F380-1AD5-4D36-BD8A-A9374D551A71}.Debug|Any CPU.ActiveCfg = Debug|Any CPU
		{A404F380-1AD5-4D36-BD8A-A9374D551A71}.Debug|Any CPU.Build.0 = Debug|Any CPU
		{A404F380-1AD5-4D36-BD8A-A9374D551A71}.Debug|Any CPU.Deploy.0 = Debug|Any CPU
		{A404F380-1AD5-4D36-BD8A-A9374D551A71}.Debug|ARM.ActiveCfg = Debug|Any CPU
		{A404F380-1AD5-4D36-BD8A-A9374D551A71}.Debug|ARM.Build.0 = Debug|Any CPU
		{A404F380-1AD5-4D36-BD8A-A9374D551A71}.Debug|ARM.Deploy.0 = Debug|Any CPU
		{A404F380-1AD5-4D36-BD8A-A9374D551A71}.Debug|iPhone.ActiveCfg = Debug|Any CPU
		{A404F380-1AD5-4D36-BD8A-A9374D551A71}.Debug|iPhone.Build.0 = Debug|Any CPU
		{A404F380-1AD5-4D36-BD8A-A9374D551A71}.Debug|iPhone.Deploy.0 = Debug|Any CPU
		{A404F380-1AD5-4D36-BD8A-A9374D551A71}.Debug|iPhoneSimulator.ActiveCfg = Debug|Any CPU
		{A404F380-1AD5-4D36-BD8A-A9374D551A71}.Debug|iPhoneSimulator.Build.0 = Debug|Any CPU
		{A404F380-1AD5-4D36-BD8A-A9374D551A71}.Debug|iPhoneSimulator.Deploy.0 = Debug|Any CPU
		{A404F380-1AD5-4D36-BD8A-A9374D551A71}.Debug|x86.ActiveCfg = Debug|Any CPU
		{A404F380-1AD5-4D36-BD8A-A9374D551A71}.Debug|x86.Build.0 = Debug|Any CPU
		{A404F380-1AD5-4D36-BD8A-A9374D551A71}.Debug|x86.Deploy.0 = Debug|Any CPU
		{A404F380-1AD5-4D36-BD8A-A9374D551A71}.Release|Any CPU.ActiveCfg = Release|Any CPU
		{A404F380-1AD5-4D36-BD8A-A9374D551A71}.Release|Any CPU.Build.0 = Release|Any CPU
		{A404F380-1AD5-4D36-BD8A-A9374D551A71}.Release|Any CPU.Deploy.0 = Release|Any CPU
		{A404F380-1AD5-4D36-BD8A-A9374D551A71}.Release|ARM.ActiveCfg = Release|Any CPU
		{A404F380-1AD5-4D36-BD8A-A9374D551A71}.Release|ARM.Build.0 = Release|Any CPU
		{A404F380-1AD5-4D36-BD8A-A9374D551A71}.Release|ARM.Deploy.0 = Release|Any CPU
		{A404F380-1AD5-4D36-BD8A-A9374D551A71}.Release|iPhone.ActiveCfg = Release|Any CPU
		{A404F380-1AD5-4D36-BD8A-A9374D551A71}.Release|iPhone.Build.0 = Release|Any CPU
		{A404F380-1AD5-4D36-BD8A-A9374D551A71}.Release|iPhone.Deploy.0 = Release|Any CPU
		{A404F380-1AD5-4D36-BD8A-A9374D551A71}.Release|iPhoneSimulator.ActiveCfg = Release|Any CPU
		{A404F380-1AD5-4D36-BD8A-A9374D551A71}.Release|iPhoneSimulator.Build.0 = Release|Any CPU
		{A404F380-1AD5-4D36-BD8A-A9374D551A71}.Release|iPhoneSimulator.Deploy.0 = Release|Any CPU
		{A404F380-1AD5-4D36-BD8A-A9374D551A71}.Release|x86.ActiveCfg = Release|Any CPU
		{A404F380-1AD5-4D36-BD8A-A9374D551A71}.Release|x86.Build.0 = Release|Any CPU
		{A404F380-1AD5-4D36-BD8A-A9374D551A71}.Release|x86.Deploy.0 = Release|Any CPU
		{C1089EB5-D79B-4053-8C63-117ADFFE15F4}.AppStore|Any CPU.ActiveCfg = Release|iPhoneSimulator
		{C1089EB5-D79B-4053-8C63-117ADFFE15F4}.AppStore|Any CPU.Build.0 = Release|iPhoneSimulator
		{C1089EB5-D79B-4053-8C63-117ADFFE15F4}.AppStore|ARM.ActiveCfg = AppStore|iPhone
		{C1089EB5-D79B-4053-8C63-117ADFFE15F4}.AppStore|iPhone.ActiveCfg = Release|iPhone
		{C1089EB5-D79B-4053-8C63-117ADFFE15F4}.AppStore|iPhone.Build.0 = Release|iPhone
		{C1089EB5-D79B-4053-8C63-117ADFFE15F4}.AppStore|iPhoneSimulator.ActiveCfg = Release|iPhoneSimulator
		{C1089EB5-D79B-4053-8C63-117ADFFE15F4}.AppStore|iPhoneSimulator.Build.0 = Release|iPhoneSimulator
		{C1089EB5-D79B-4053-8C63-117ADFFE15F4}.AppStore|x86.ActiveCfg = AppStore|iPhone
		{C1089EB5-D79B-4053-8C63-117ADFFE15F4}.Debug|Any CPU.ActiveCfg = Debug|iPhone
		{C1089EB5-D79B-4053-8C63-117ADFFE15F4}.Debug|ARM.ActiveCfg = Debug|iPhoneSimulator
		{C1089EB5-D79B-4053-8C63-117ADFFE15F4}.Debug|iPhone.ActiveCfg = Debug|iPhone
		{C1089EB5-D79B-4053-8C63-117ADFFE15F4}.Debug|iPhone.Build.0 = Debug|iPhone
		{C1089EB5-D79B-4053-8C63-117ADFFE15F4}.Debug|iPhoneSimulator.ActiveCfg = Debug|iPhoneSimulator
		{C1089EB5-D79B-4053-8C63-117ADFFE15F4}.Debug|iPhoneSimulator.Build.0 = Debug|iPhoneSimulator
		{C1089EB5-D79B-4053-8C63-117ADFFE15F4}.Debug|x86.ActiveCfg = Debug|iPhoneSimulator
		{C1089EB5-D79B-4053-8C63-117ADFFE15F4}.Release|Any CPU.ActiveCfg = Release|iPhone
		{C1089EB5-D79B-4053-8C63-117ADFFE15F4}.Release|ARM.ActiveCfg = Release|iPhone
		{C1089EB5-D79B-4053-8C63-117ADFFE15F4}.Release|iPhone.ActiveCfg = Release|iPhone
		{C1089EB5-D79B-4053-8C63-117ADFFE15F4}.Release|iPhone.Build.0 = Release|iPhone
		{C1089EB5-D79B-4053-8C63-117ADFFE15F4}.Release|iPhoneSimulator.ActiveCfg = Release|iPhoneSimulator
		{C1089EB5-D79B-4053-8C63-117ADFFE15F4}.Release|iPhoneSimulator.Build.0 = Release|iPhoneSimulator
		{C1089EB5-D79B-4053-8C63-117ADFFE15F4}.Release|x86.ActiveCfg = Release|iPhone
		{04CAB27A-80D5-40A0-933A-C2B5564F629A}.AppStore|Any CPU.ActiveCfg = Release|Any CPU
		{04CAB27A-80D5-40A0-933A-C2B5564F629A}.AppStore|Any CPU.Build.0 = Release|Any CPU
		{04CAB27A-80D5-40A0-933A-C2B5564F629A}.AppStore|ARM.ActiveCfg = Debug|Any CPU
		{04CAB27A-80D5-40A0-933A-C2B5564F629A}.AppStore|ARM.Build.0 = Debug|Any CPU
		{04CAB27A-80D5-40A0-933A-C2B5564F629A}.AppStore|iPhone.ActiveCfg = Release|Any CPU
		{04CAB27A-80D5-40A0-933A-C2B5564F629A}.AppStore|iPhone.Build.0 = Release|Any CPU
		{04CAB27A-80D5-40A0-933A-C2B5564F629A}.AppStore|iPhoneSimulator.ActiveCfg = Release|Any CPU
		{04CAB27A-80D5-40A0-933A-C2B5564F629A}.AppStore|iPhoneSimulator.Build.0 = Release|Any CPU
		{04CAB27A-80D5-40A0-933A-C2B5564F629A}.AppStore|x86.ActiveCfg = Debug|Any CPU
		{04CAB27A-80D5-40A0-933A-C2B5564F629A}.AppStore|x86.Build.0 = Debug|Any CPU
		{04CAB27A-80D5-40A0-933A-C2B5564F629A}.Debug|Any CPU.ActiveCfg = Debug|Any CPU
		{04CAB27A-80D5-40A0-933A-C2B5564F629A}.Debug|Any CPU.Build.0 = Debug|Any CPU
		{04CAB27A-80D5-40A0-933A-C2B5564F629A}.Debug|ARM.ActiveCfg = Debug|Any CPU
		{04CAB27A-80D5-40A0-933A-C2B5564F629A}.Debug|ARM.Build.0 = Debug|Any CPU
		{04CAB27A-80D5-40A0-933A-C2B5564F629A}.Debug|iPhone.ActiveCfg = Debug|Any CPU
		{04CAB27A-80D5-40A0-933A-C2B5564F629A}.Debug|iPhone.Build.0 = Debug|Any CPU
		{04CAB27A-80D5-40A0-933A-C2B5564F629A}.Debug|iPhoneSimulator.ActiveCfg = Debug|Any CPU
		{04CAB27A-80D5-40A0-933A-C2B5564F629A}.Debug|iPhoneSimulator.Build.0 = Debug|Any CPU
		{04CAB27A-80D5-40A0-933A-C2B5564F629A}.Debug|x86.ActiveCfg = Debug|Any CPU
		{04CAB27A-80D5-40A0-933A-C2B5564F629A}.Debug|x86.Build.0 = Debug|Any CPU
		{04CAB27A-80D5-40A0-933A-C2B5564F629A}.Release|Any CPU.ActiveCfg = Release|Any CPU
		{04CAB27A-80D5-40A0-933A-C2B5564F629A}.Release|Any CPU.Build.0 = Release|Any CPU
		{04CAB27A-80D5-40A0-933A-C2B5564F629A}.Release|ARM.ActiveCfg = Release|Any CPU
		{04CAB27A-80D5-40A0-933A-C2B5564F629A}.Release|ARM.Build.0 = Release|Any CPU
		{04CAB27A-80D5-40A0-933A-C2B5564F629A}.Release|iPhone.ActiveCfg = Release|Any CPU
		{04CAB27A-80D5-40A0-933A-C2B5564F629A}.Release|iPhone.Build.0 = Release|Any CPU
		{04CAB27A-80D5-40A0-933A-C2B5564F629A}.Release|iPhoneSimulator.ActiveCfg = Release|Any CPU
		{04CAB27A-80D5-40A0-933A-C2B5564F629A}.Release|iPhoneSimulator.Build.0 = Release|Any CPU
		{04CAB27A-80D5-40A0-933A-C2B5564F629A}.Release|x86.ActiveCfg = Release|Any CPU
		{04CAB27A-80D5-40A0-933A-C2B5564F629A}.Release|x86.Build.0 = Release|Any CPU
	EndGlobalSection
	GlobalSection(SolutionProperties) = preSolution
		HideSolutionNode = FALSE
	EndGlobalSection
EndGlobal
